// !$*UTF8*$!
{
	archiveVersion = 1;
	classes = {
	};
	objectVersion = 50;
	objects = {

/* Begin PBXBuildFile section */
		1E7F2FEE25D2B7C800ABCCAE /* UIView+Ext.swift in Sources */ = {isa = PBXBuildFile; fileRef = 1E7F2FED25D2B7C800ABCCAE /* UIView+Ext.swift */; };
		1E7F2FF225D2B81A00ABCCAE /* UIImage+Ext.swift in Sources */ = {isa = PBXBuildFile; fileRef = 1E7F2FF125D2B81A00ABCCAE /* UIImage+Ext.swift */; };
		1E7F2FF525D2B83A00ABCCAE /* UIButton+Ext.swift in Sources */ = {isa = PBXBuildFile; fileRef = 1E7F2FF425D2B83A00ABCCAE /* UIButton+Ext.swift */; };
		1E7F2FF825D2B86500ABCCAE /* UIViewController+Ext.swift in Sources */ = {isa = PBXBuildFile; fileRef = 1E7F2FF725D2B86500ABCCAE /* UIViewController+Ext.swift */; };
		1E7F2FFC25D2B8EB00ABCCAE /* UIColor+Ext.swift in Sources */ = {isa = PBXBuildFile; fileRef = 1E7F2FFB25D2B8EB00ABCCAE /* UIColor+Ext.swift */; };
		1E7F2FFF25D2B96400ABCCAE /* UITableView+Ext.swift in Sources */ = {isa = PBXBuildFile; fileRef = 1E7F2FFE25D2B96400ABCCAE /* UITableView+Ext.swift */; };
		1E7F300225D2B98B00ABCCAE /* String+Ext.swift in Sources */ = {isa = PBXBuildFile; fileRef = 1E7F300125D2B98B00ABCCAE /* String+Ext.swift */; };
		1E7F300525D2B9A600ABCCAE /* Date+Ext.swift in Sources */ = {isa = PBXBuildFile; fileRef = 1E7F300425D2B9A600ABCCAE /* Date+Ext.swift */; };
		1EC1787C25D24A3800AD794E /* AppDelegate.swift in Sources */ = {isa = PBXBuildFile; fileRef = 1EC1787B25D24A3800AD794E /* AppDelegate.swift */; };
		1EC1787E25D24A3800AD794E /* SceneDelegate.swift in Sources */ = {isa = PBXBuildFile; fileRef = 1EC1787D25D24A3800AD794E /* SceneDelegate.swift */; };
		1EC1788025D24A3800AD794E /* ViewController.swift in Sources */ = {isa = PBXBuildFile; fileRef = 1EC1787F25D24A3800AD794E /* ViewController.swift */; };
		1EC1788525D24A3900AD794E /* Assets.xcassets in Resources */ = {isa = PBXBuildFile; fileRef = 1EC1788425D24A3900AD794E /* Assets.xcassets */; };
		1EC1788825D24A3900AD794E /* LaunchScreen.storyboard in Resources */ = {isa = PBXBuildFile; fileRef = 1EC1788625D24A3900AD794E /* LaunchScreen.storyboard */; };
		70754579938A838ED17E843D /* Pods_RentX.framework in Frameworks */ = {isa = PBXBuildFile; fileRef = E661C5BEF6C8301301BFD826 /* Pods_RentX.framework */; };
/* End PBXBuildFile section */

/* Begin PBXFileReference section */
		14789F65A3AA63FCE3E1777C /* Pods-RentX.release.xcconfig */ = {isa = PBXFileReference; includeInIndex = 1; lastKnownFileType = text.xcconfig; name = "Pods-RentX.release.xcconfig"; path = "Target Support Files/Pods-RentX/Pods-RentX.release.xcconfig"; sourceTree = "<group>"; };
		1E7F2FED25D2B7C800ABCCAE /* UIView+Ext.swift */ = {isa = PBXFileReference; lastKnownFileType = sourcecode.swift; path = "UIView+Ext.swift"; sourceTree = "<group>"; };
		1E7F2FF125D2B81A00ABCCAE /* UIImage+Ext.swift */ = {isa = PBXFileReference; lastKnownFileType = sourcecode.swift; path = "UIImage+Ext.swift"; sourceTree = "<group>"; };
		1E7F2FF425D2B83A00ABCCAE /* UIButton+Ext.swift */ = {isa = PBXFileReference; lastKnownFileType = sourcecode.swift; path = "UIButton+Ext.swift"; sourceTree = "<group>"; };
		1E7F2FF725D2B86500ABCCAE /* UIViewController+Ext.swift */ = {isa = PBXFileReference; lastKnownFileType = sourcecode.swift; path = "UIViewController+Ext.swift"; sourceTree = "<group>"; };
		1E7F2FFB25D2B8EB00ABCCAE /* UIColor+Ext.swift */ = {isa = PBXFileReference; lastKnownFileType = sourcecode.swift; path = "UIColor+Ext.swift"; sourceTree = "<group>"; };
		1E7F2FFE25D2B96400ABCCAE /* UITableView+Ext.swift */ = {isa = PBXFileReference; lastKnownFileType = sourcecode.swift; path = "UITableView+Ext.swift"; sourceTree = "<group>"; };
		1E7F300125D2B98B00ABCCAE /* String+Ext.swift */ = {isa = PBXFileReference; lastKnownFileType = sourcecode.swift; path = "String+Ext.swift"; sourceTree = "<group>"; };
		1E7F300425D2B9A600ABCCAE /* Date+Ext.swift */ = {isa = PBXFileReference; lastKnownFileType = sourcecode.swift; path = "Date+Ext.swift"; sourceTree = "<group>"; };
		1EC1787825D24A3800AD794E /* RentX.app */ = {isa = PBXFileReference; explicitFileType = wrapper.application; includeInIndex = 0; path = RentX.app; sourceTree = BUILT_PRODUCTS_DIR; };
		1EC1787B25D24A3800AD794E /* AppDelegate.swift */ = {isa = PBXFileReference; lastKnownFileType = sourcecode.swift; path = AppDelegate.swift; sourceTree = "<group>"; };
		1EC1787D25D24A3800AD794E /* SceneDelegate.swift */ = {isa = PBXFileReference; lastKnownFileType = sourcecode.swift; path = SceneDelegate.swift; sourceTree = "<group>"; };
		1EC1787F25D24A3800AD794E /* ViewController.swift */ = {isa = PBXFileReference; lastKnownFileType = sourcecode.swift; path = ViewController.swift; sourceTree = "<group>"; };
		1EC1788425D24A3900AD794E /* Assets.xcassets */ = {isa = PBXFileReference; lastKnownFileType = folder.assetcatalog; path = Assets.xcassets; sourceTree = "<group>"; };
		1EC1788725D24A3900AD794E /* Base */ = {isa = PBXFileReference; lastKnownFileType = file.storyboard; name = Base; path = Base.lproj/LaunchScreen.storyboard; sourceTree = "<group>"; };
		1EC1788925D24A3900AD794E /* Info.plist */ = {isa = PBXFileReference; lastKnownFileType = text.plist.xml; name = Info.plist; path = "RentX/Support Files/Info.plist"; sourceTree = SOURCE_ROOT; };
		75ECB316FCB4A8B3AC851325 /* Pods-RentX.debug.xcconfig */ = {isa = PBXFileReference; includeInIndex = 1; lastKnownFileType = text.xcconfig; name = "Pods-RentX.debug.xcconfig"; path = "Target Support Files/Pods-RentX/Pods-RentX.debug.xcconfig"; sourceTree = "<group>"; };
		E661C5BEF6C8301301BFD826 /* Pods_RentX.framework */ = {isa = PBXFileReference; explicitFileType = wrapper.framework; includeInIndex = 0; path = Pods_RentX.framework; sourceTree = BUILT_PRODUCTS_DIR; };
/* End PBXFileReference section */

/* Begin PBXFrameworksBuildPhase section */
		1EC1787525D24A3800AD794E /* Frameworks */ = {
			isa = PBXFrameworksBuildPhase;
			buildActionMask = 2147483647;
			files = (
				70754579938A838ED17E843D /* Pods_RentX.framework in Frameworks */,
			);
			runOnlyForDeploymentPostprocessing = 0;
		};
/* End PBXFrameworksBuildPhase section */

/* Begin PBXGroup section */
		1E7F2FEC25D2B7A800ABCCAE /* Extensions */ = {
			isa = PBXGroup;
			children = (
				1E7F2FED25D2B7C800ABCCAE /* UIView+Ext.swift */,
				1E7F2FF125D2B81A00ABCCAE /* UIImage+Ext.swift */,
				1E7F2FF425D2B83A00ABCCAE /* UIButton+Ext.swift */,
				1E7F2FF725D2B86500ABCCAE /* UIViewController+Ext.swift */,
				1E7F2FFB25D2B8EB00ABCCAE /* UIColor+Ext.swift */,
				1E7F2FFE25D2B96400ABCCAE /* UITableView+Ext.swift */,
				1E7F300125D2B98B00ABCCAE /* String+Ext.swift */,
				1E7F300425D2B9A600ABCCAE /* Date+Ext.swift */,
			);
			path = Extensions;
			sourceTree = "<group>";
		};
		1E80004825DACB89002E5C62 /* Support Files */ = {
			isa = PBXGroup;
			children = (
				1EC1788425D24A3900AD794E /* Assets.xcassets */,
				1EC1788925D24A3900AD794E /* Info.plist */,
				1EC1788625D24A3900AD794E /* LaunchScreen.storyboard */,
			);
			path = "Support Files";
			sourceTree = "<group>";
		};
		1E80004A25DACC3F002E5C62 /* App */ = {
			isa = PBXGroup;
			children = (
				1EC1787B25D24A3800AD794E /* AppDelegate.swift */,
				1EC1787D25D24A3800AD794E /* SceneDelegate.swift */,
			);
			path = App;
			sourceTree = "<group>";
		};
		1E80004B25DACC4C002E5C62 /* Controller */ = {
			isa = PBXGroup;
			children = (
			);
			path = Controller;
			sourceTree = "<group>";
		};
		1E80004C25DACC52002E5C62 /* Model */ = {
			isa = PBXGroup;
			children = (
			);
			path = Model;
			sourceTree = "<group>";
		};
		1E80004D25DACC58002E5C62 /* View */ = {
			isa = PBXGroup;
			children = (
			);
			path = View;
			sourceTree = "<group>";
		};
		1E80004E25DACC5E002E5C62 /* ViewModel */ = {
			isa = PBXGroup;
			children = (
			);
			path = ViewModel;
			sourceTree = "<group>";
		};
		1E80004F25DACC65002E5C62 /* Utils */ = {
			isa = PBXGroup;
			children = (
			);
			path = Utils;
			sourceTree = "<group>";
		};
		1E80005025DACC73002E5C62 /* Coordinator */ = {
			isa = PBXGroup;
			children = (
			);
			path = Coordinator;
			sourceTree = "<group>";
		};
		1E80005125DACC8E002E5C62 /* Services */ = {
			isa = PBXGroup;
			children = (
			);
			path = Services;
			sourceTree = "<group>";
		};
		1EC1786F25D24A3800AD794E = {
			isa = PBXGroup;
			children = (
				1EC1787A25D24A3800AD794E /* RentX */,
				1EC1787925D24A3800AD794E /* Products */,
				C1847E5359D0704C86C1755F /* Pods */,
				D801ED5052878803FC017F6C /* Frameworks */,
			);
			sourceTree = "<group>";
		};
		1EC1787925D24A3800AD794E /* Products */ = {
			isa = PBXGroup;
			children = (
				1EC1787825D24A3800AD794E /* RentX.app */,
			);
			name = Products;
			sourceTree = "<group>";
		};
		1EC1787A25D24A3800AD794E /* RentX */ = {
			isa = PBXGroup;
			children = (
				1E80005125DACC8E002E5C62 /* Services */,
				1E80004F25DACC65002E5C62 /* Utils */,
				1E80004E25DACC5E002E5C62 /* ViewModel */,
				1E80004D25DACC58002E5C62 /* View */,
				1E80004C25DACC52002E5C62 /* Model */,
				1E80004B25DACC4C002E5C62 /* Controller */,
				1E80005025DACC73002E5C62 /* Coordinator */,
				1E80004A25DACC3F002E5C62 /* App */,
				1E80004825DACB89002E5C62 /* Support Files */,
				1E7F2FEC25D2B7A800ABCCAE /* Extensions */,
				1EC1787F25D24A3800AD794E /* ViewController.swift */,
			);
			path = RentX;
			sourceTree = "<group>";
		};
		C1847E5359D0704C86C1755F /* Pods */ = {
			isa = PBXGroup;
			children = (
				75ECB316FCB4A8B3AC851325 /* Pods-RentX.debug.xcconfig */,
				14789F65A3AA63FCE3E1777C /* Pods-RentX.release.xcconfig */,
			);
			path = Pods;
			sourceTree = "<group>";
		};
		D801ED5052878803FC017F6C /* Frameworks */ = {
			isa = PBXGroup;
			children = (
				E661C5BEF6C8301301BFD826 /* Pods_RentX.framework */,
			);
			name = Frameworks;
			sourceTree = "<group>";
		};
/* End PBXGroup section */

/* Begin PBXNativeTarget section */
		1EC1787725D24A3800AD794E /* RentX */ = {
			isa = PBXNativeTarget;
			buildConfigurationList = 1EC1788C25D24A3900AD794E /* Build configuration list for PBXNativeTarget "RentX" */;
			buildPhases = (
				8EBEC590417EFF93E7B6B7AD /* [CP] Check Pods Manifest.lock */,
				1EC1787425D24A3800AD794E /* Sources */,
				1EC1787525D24A3800AD794E /* Frameworks */,
				1EC1787625D24A3800AD794E /* Resources */,
				1E4C5A8425D24E3600912DD0 /* ShellScript */,
			);
			buildRules = (
			);
			dependencies = (
			);
			name = RentX;
			productName = RentX;
			productReference = 1EC1787825D24A3800AD794E /* RentX.app */;
			productType = "com.apple.product-type.application";
		};
/* End PBXNativeTarget section */

/* Begin PBXProject section */
		1EC1787025D24A3800AD794E /* Project object */ = {
			isa = PBXProject;
			attributes = {
				LastSwiftUpdateCheck = 1230;
				LastUpgradeCheck = 1230;
				TargetAttributes = {
					1EC1787725D24A3800AD794E = {
						CreatedOnToolsVersion = 12.3;
					};
				};
			};
			buildConfigurationList = 1EC1787325D24A3800AD794E /* Build configuration list for PBXProject "RentX" */;
			compatibilityVersion = "Xcode 9.3";
			developmentRegion = en;
			hasScannedForEncodings = 0;
			knownRegions = (
				en,
				Base,
			);
			mainGroup = 1EC1786F25D24A3800AD794E;
			productRefGroup = 1EC1787925D24A3800AD794E /* Products */;
			projectDirPath = "";
			projectRoot = "";
			targets = (
				1EC1787725D24A3800AD794E /* RentX */,
			);
		};
/* End PBXProject section */

/* Begin PBXResourcesBuildPhase section */
		1EC1787625D24A3800AD794E /* Resources */ = {
			isa = PBXResourcesBuildPhase;
			buildActionMask = 2147483647;
			files = (
				1EC1788825D24A3900AD794E /* LaunchScreen.storyboard in Resources */,
				1EC1788525D24A3900AD794E /* Assets.xcassets in Resources */,
			);
			runOnlyForDeploymentPostprocessing = 0;
		};
/* End PBXResourcesBuildPhase section */

/* Begin PBXShellScriptBuildPhase section */
		1E4C5A8425D24E3600912DD0 /* ShellScript */ = {
			isa = PBXShellScriptBuildPhase;
			buildActionMask = 2147483647;
			files = (
			);
			inputFileListPaths = (
			);
			inputPaths = (
			);
			outputFileListPaths = (
			);
			outputPaths = (
			);
			runOnlyForDeploymentPostprocessing = 0;
			shellPath = /bin/sh;
			shellScript = "\"${PODS_ROOT}/SwiftLint/swiftlint\"\n";
		};
		8EBEC590417EFF93E7B6B7AD /* [CP] Check Pods Manifest.lock */ = {
			isa = PBXShellScriptBuildPhase;
			buildActionMask = 2147483647;
			files = (
			);
			inputFileListPaths = (
			);
			inputPaths = (
				"${PODS_PODFILE_DIR_PATH}/Podfile.lock",
				"${PODS_ROOT}/Manifest.lock",
			);
			name = "[CP] Check Pods Manifest.lock";
			outputFileListPaths = (
			);
			outputPaths = (
				"$(DERIVED_FILE_DIR)/Pods-RentX-checkManifestLockResult.txt",
			);
			runOnlyForDeploymentPostprocessing = 0;
			shellPath = /bin/sh;
			shellScript = "diff \"${PODS_PODFILE_DIR_PATH}/Podfile.lock\" \"${PODS_ROOT}/Manifest.lock\" > /dev/null\nif [ $? != 0 ] ; then\n    # print error to STDERR\n    echo \"error: The sandbox is not in sync with the Podfile.lock. Run 'pod install' or update your CocoaPods installation.\" >&2\n    exit 1\nfi\n# This output is used by Xcode 'outputs' to avoid re-running this script phase.\necho \"SUCCESS\" > \"${SCRIPT_OUTPUT_FILE_0}\"\n";
			showEnvVarsInLog = 0;
		};
/* End PBXShellScriptBuildPhase section */

/* Begin PBXSourcesBuildPhase section */
		1EC1787425D24A3800AD794E /* Sources */ = {
			isa = PBXSourcesBuildPhase;
			buildActionMask = 2147483647;
			files = (
				1EC1788025D24A3800AD794E /* ViewController.swift in Sources */,
				1E7F2FEE25D2B7C800ABCCAE /* UIView+Ext.swift in Sources */,
				1E7F300225D2B98B00ABCCAE /* String+Ext.swift in Sources */,
				1E7F2FF525D2B83A00ABCCAE /* UIButton+Ext.swift in Sources */,
				1E7F2FFF25D2B96400ABCCAE /* UITableView+Ext.swift in Sources */,
				1EC1787C25D24A3800AD794E /* AppDelegate.swift in Sources */,
				1E7F2FF225D2B81A00ABCCAE /* UIImage+Ext.swift in Sources */,
				1E7F2FFC25D2B8EB00ABCCAE /* UIColor+Ext.swift in Sources */,
				1E7F300525D2B9A600ABCCAE /* Date+Ext.swift in Sources */,
				1EC1787E25D24A3800AD794E /* SceneDelegate.swift in Sources */,
				1E7F2FF825D2B86500ABCCAE /* UIViewController+Ext.swift in Sources */,
			);
			runOnlyForDeploymentPostprocessing = 0;
		};
/* End PBXSourcesBuildPhase section */

/* Begin PBXVariantGroup section */
		1EC1788625D24A3900AD794E /* LaunchScreen.storyboard */ = {
			isa = PBXVariantGroup;
			children = (
				1EC1788725D24A3900AD794E /* Base */,
			);
			name = LaunchScreen.storyboard;
			sourceTree = "<group>";
		};
/* End PBXVariantGroup section */

/* Begin XCBuildConfiguration section */
		1EC1788A25D24A3900AD794E /* Debug */ = {
			isa = XCBuildConfiguration;
			buildSettings = {
				ALWAYS_SEARCH_USER_PATHS = NO;
				CLANG_ANALYZER_NONNULL = YES;
				CLANG_ANALYZER_NUMBER_OBJECT_CONVERSION = YES_AGGRESSIVE;
				CLANG_CXX_LANGUAGE_STANDARD = "gnu++14";
				CLANG_CXX_LIBRARY = "libc++";
				CLANG_ENABLE_MODULES = YES;
				CLANG_ENABLE_OBJC_ARC = YES;
				CLANG_ENABLE_OBJC_WEAK = YES;
				CLANG_WARN_BLOCK_CAPTURE_AUTORELEASING = YES;
				CLANG_WARN_BOOL_CONVERSION = YES;
				CLANG_WARN_COMMA = YES;
				CLANG_WARN_CONSTANT_CONVERSION = YES;
				CLANG_WARN_DEPRECATED_OBJC_IMPLEMENTATIONS = YES;
				CLANG_WARN_DIRECT_OBJC_ISA_USAGE = YES_ERROR;
				CLANG_WARN_DOCUMENTATION_COMMENTS = YES;
				CLANG_WARN_EMPTY_BODY = YES;
				CLANG_WARN_ENUM_CONVERSION = YES;
				CLANG_WARN_INFINITE_RECURSION = YES;
				CLANG_WARN_INT_CONVERSION = YES;
				CLANG_WARN_NON_LITERAL_NULL_CONVERSION = YES;
				CLANG_WARN_OBJC_IMPLICIT_RETAIN_SELF = YES;
				CLANG_WARN_OBJC_LITERAL_CONVERSION = YES;
				CLANG_WARN_OBJC_ROOT_CLASS = YES_ERROR;
				CLANG_WARN_QUOTED_INCLUDE_IN_FRAMEWORK_HEADER = YES;
				CLANG_WARN_RANGE_LOOP_ANALYSIS = YES;
				CLANG_WARN_STRICT_PROTOTYPES = YES;
				CLANG_WARN_SUSPICIOUS_MOVE = YES;
				CLANG_WARN_UNGUARDED_AVAILABILITY = YES_AGGRESSIVE;
				CLANG_WARN_UNREACHABLE_CODE = YES;
				CLANG_WARN__DUPLICATE_METHOD_MATCH = YES;
				COPY_PHASE_STRIP = NO;
				DEBUG_INFORMATION_FORMAT = dwarf;
				ENABLE_STRICT_OBJC_MSGSEND = YES;
				ENABLE_TESTABILITY = YES;
				GCC_C_LANGUAGE_STANDARD = gnu11;
				GCC_DYNAMIC_NO_PIC = NO;
				GCC_NO_COMMON_BLOCKS = YES;
				GCC_OPTIMIZATION_LEVEL = 0;
				GCC_PREPROCESSOR_DEFINITIONS = (
					"DEBUG=1",
					"$(inherited)",
				);
				GCC_WARN_64_TO_32_BIT_CONVERSION = YES;
				GCC_WARN_ABOUT_RETURN_TYPE = YES_ERROR;
				GCC_WARN_UNDECLARED_SELECTOR = YES;
				GCC_WARN_UNINITIALIZED_AUTOS = YES_AGGRESSIVE;
				GCC_WARN_UNUSED_FUNCTION = YES;
				GCC_WARN_UNUSED_VARIABLE = YES;
				IPHONEOS_DEPLOYMENT_TARGET = 14.3;
				MTL_ENABLE_DEBUG_INFO = INCLUDE_SOURCE;
				MTL_FAST_MATH = YES;
				ONLY_ACTIVE_ARCH = YES;
				SDKROOT = iphoneos;
				SWIFT_ACTIVE_COMPILATION_CONDITIONS = DEBUG;
				SWIFT_OPTIMIZATION_LEVEL = "-Onone";
			};
			name = Debug;
		};
		1EC1788B25D24A3900AD794E /* Release */ = {
			isa = XCBuildConfiguration;
			buildSettings = {
				ALWAYS_SEARCH_USER_PATHS = NO;
				CLANG_ANALYZER_NONNULL = YES;
				CLANG_ANALYZER_NUMBER_OBJECT_CONVERSION = YES_AGGRESSIVE;
				CLANG_CXX_LANGUAGE_STANDARD = "gnu++14";
				CLANG_CXX_LIBRARY = "libc++";
				CLANG_ENABLE_MODULES = YES;
				CLANG_ENABLE_OBJC_ARC = YES;
				CLANG_ENABLE_OBJC_WEAK = YES;
				CLANG_WARN_BLOCK_CAPTURE_AUTORELEASING = YES;
				CLANG_WARN_BOOL_CONVERSION = YES;
				CLANG_WARN_COMMA = YES;
				CLANG_WARN_CONSTANT_CONVERSION = YES;
				CLANG_WARN_DEPRECATED_OBJC_IMPLEMENTATIONS = YES;
				CLANG_WARN_DIRECT_OBJC_ISA_USAGE = YES_ERROR;
				CLANG_WARN_DOCUMENTATION_COMMENTS = YES;
				CLANG_WARN_EMPTY_BODY = YES;
				CLANG_WARN_ENUM_CONVERSION = YES;
				CLANG_WARN_INFINITE_RECURSION = YES;
				CLANG_WARN_INT_CONVERSION = YES;
				CLANG_WARN_NON_LITERAL_NULL_CONVERSION = YES;
				CLANG_WARN_OBJC_IMPLICIT_RETAIN_SELF = YES;
				CLANG_WARN_OBJC_LITERAL_CONVERSION = YES;
				CLANG_WARN_OBJC_ROOT_CLASS = YES_ERROR;
				CLANG_WARN_QUOTED_INCLUDE_IN_FRAMEWORK_HEADER = YES;
				CLANG_WARN_RANGE_LOOP_ANALYSIS = YES;
				CLANG_WARN_STRICT_PROTOTYPES = YES;
				CLANG_WARN_SUSPICIOUS_MOVE = YES;
				CLANG_WARN_UNGUARDED_AVAILABILITY = YES_AGGRESSIVE;
				CLANG_WARN_UNREACHABLE_CODE = YES;
				CLANG_WARN__DUPLICATE_METHOD_MATCH = YES;
				COPY_PHASE_STRIP = NO;
				DEBUG_INFORMATION_FORMAT = "dwarf-with-dsym";
				ENABLE_NS_ASSERTIONS = NO;
				ENABLE_STRICT_OBJC_MSGSEND = YES;
				GCC_C_LANGUAGE_STANDARD = gnu11;
				GCC_NO_COMMON_BLOCKS = YES;
				GCC_WARN_64_TO_32_BIT_CONVERSION = YES;
				GCC_WARN_ABOUT_RETURN_TYPE = YES_ERROR;
				GCC_WARN_UNDECLARED_SELECTOR = YES;
				GCC_WARN_UNINITIALIZED_AUTOS = YES_AGGRESSIVE;
				GCC_WARN_UNUSED_FUNCTION = YES;
				GCC_WARN_UNUSED_VARIABLE = YES;
				IPHONEOS_DEPLOYMENT_TARGET = 14.3;
				MTL_ENABLE_DEBUG_INFO = NO;
				MTL_FAST_MATH = YES;
				SDKROOT = iphoneos;
				SWIFT_COMPILATION_MODE = wholemodule;
				SWIFT_OPTIMIZATION_LEVEL = "-O";
				VALIDATE_PRODUCT = YES;
			};
			name = Release;
		};
		1EC1788D25D24A3900AD794E /* Debug */ = {
			isa = XCBuildConfiguration;
			baseConfigurationReference = 75ECB316FCB4A8B3AC851325 /* Pods-RentX.debug.xcconfig */;
			buildSettings = {
				ASSETCATALOG_COMPILER_APPICON_NAME = AppIcon;
				ASSETCATALOG_COMPILER_GLOBAL_ACCENT_COLOR_NAME = AccentColor;
				CODE_SIGN_STYLE = Automatic;
				INFOPLIST_FILE = "RentX/Support Files/Info.plist";
				LD_RUNPATH_SEARCH_PATHS = (
					"$(inherited)",
					"@executable_path/Frameworks",
				);
				PRODUCT_BUNDLE_IDENTIFIER = rvsantos.RentX;
				PRODUCT_NAME = "$(TARGET_NAME)";
				SWIFT_VERSION = 5.0;
				TARGETED_DEVICE_FAMILY = "1,2";
			};
			name = Debug;
		};
		1EC1788E25D24A3900AD794E /* Release */ = {
			isa = XCBuildConfiguration;
			baseConfigurationReference = 14789F65A3AA63FCE3E1777C /* Pods-RentX.release.xcconfig */;
			buildSettings = {
				ASSETCATALOG_COMPILER_APPICON_NAME = AppIcon;
				ASSETCATALOG_COMPILER_GLOBAL_ACCENT_COLOR_NAME = AccentColor;
				CODE_SIGN_STYLE = Automatic;
				INFOPLIST_FILE = "RentX/Support Files/Info.plist";
				LD_RUNPATH_SEARCH_PATHS = (
					"$(inherited)",
					"@executable_path/Frameworks",
				);
				PRODUCT_BUNDLE_IDENTIFIER = rvsantos.RentX;
				PRODUCT_NAME = "$(TARGET_NAME)";
				SWIFT_VERSION = 5.0;
				TARGETED_DEVICE_FAMILY = "1,2";
			};
			name = Release;
		};
/* End XCBuildConfiguration section */

/* Begin XCConfigurationList section */
		1EC1787325D24A3800AD794E /* Build configuration list for PBXProject "RentX" */ = {
			isa = XCConfigurationList;
			buildConfigurations = (
				1EC1788A25D24A3900AD794E /* Debug */,
				1EC1788B25D24A3900AD794E /* Release */,
			);
			defaultConfigurationIsVisible = 0;
			defaultConfigurationName = Release;
		};
		1EC1788C25D24A3900AD794E /* Build configuration list for PBXNativeTarget "RentX" */ = {
			isa = XCConfigurationList;
			buildConfigurations = (
				1EC1788D25D24A3900AD794E /* Debug */,
				1EC1788E25D24A3900AD794E /* Release */,
			);
			defaultConfigurationIsVisible = 0;
			defaultConfigurationName = Release;
		};
/* End XCConfigurationList section */
	};
	rootObject = 1EC1787025D24A3800AD794E /* Project object */;
}
